# This file is automatically @generated by Cargo.
# It is not intended for manual editing.
version = 3

[[package]]
name = "calories"
version = "0.1.0"

[[package]]
name = "cleanup"
version = "0.1.0"

[[package]]
name = "crane"
version = "0.1.0"

[[package]]
name = "folder-size"
version = "0.1.0"

[[package]]
name = "rope"
version = "0.1.0"

[[package]]
name = "rps"
version = "0.1.0"

[[package]]
name = "rucksack"
version = "0.1.0"

[[package]]
name = "start-of-packet"
version = "0.1.0"

[[package]]
name = "treetops"
version = "0.1.0"
